
Microsoft Visual Studio Solution File, Format Version 11.00
# Visual Studio 2010
Project("{FAE04EC0-301F-11D3-BF4B-00C04F79EFBC}") = "NativeShare.Runtime", "NativeShare.Runtime.csproj", "{58B8C05F-E01B-D90E-89B5-E9679F9B31EB}"
EndProject
Project("{FAE04EC0-301F-11D3-BF4B-00C04F79EFBC}") = "Assembly-CSharp", "Assembly-CSharp.csproj", "{CE9CDEB3-6474-C299-6CE7-F65F5C1E9F4A}"
EndProject
Project("{FAE04EC0-301F-11D3-BF4B-00C04F79EFBC}") = "NativeShare.Editor", "NativeShare.Editor.csproj", "{3FCD621B-8A70-5181-252A-054ADE407C9E}"
EndProject
Global
	GlobalSection(SolutionConfigurationPlatforms) = preSolution
		Debug|Any CPU = Debug|Any CPU
		Release|Any CPU = Release|Any CPU
	EndGlobalSection
	GlobalSection(ProjectConfigurationPlatforms) = postSolution
		{58B8C05F-E01B-D90E-89B5-E9679F9B31EB}.Debug|Any CPU.ActiveCfg = Debug|Any CPU
		{58B8C05F-E01B-D90E-89B5-E9679F9B31EB}.Debug|Any CPU.Build.0 = Debug|Any CPU
		{58B8C05F-E01B-D90E-89B5-E9679F9B31EB}.Release|Any CPU.ActiveCfg = Release|Any CPU
		{58B8C05F-E01B-D90E-89B5-E9679F9B31EB}.Release|Any CPU.Build.0 = Release|Any CPU
		{CE9CDEB3-6474-C299-6CE7-F65F5C1E9F4A}.Debug|Any CPU.ActiveCfg = Debug|Any CPU
		{CE9CDEB3-6474-C299-6CE7-F65F5C1E9F4A}.Debug|Any CPU.Build.0 = Debug|Any CPU
		{CE9CDEB3-6474-C299-6CE7-F65F5C1E9F4A}.Release|Any CPU.ActiveCfg = Release|Any CPU
		{CE9CDEB3-6474-C299-6CE7-F65F5C1E9F4A}.Release|Any CPU.Build.0 = Release|Any CPU
		{3FCD621B-8A70-5181-252A-054ADE407C9E}.Debug|Any CPU.ActiveCfg = Debug|Any CPU
		{3FCD621B-8A70-5181-252A-054ADE407C9E}.Debug|Any CPU.Build.0 = Debug|Any CPU
		{3FCD621B-8A70-5181-252A-054ADE407C9E}.Release|Any CPU.ActiveCfg = Release|Any CPU
		{3FCD621B-8A70-5181-252A-054ADE407C9E}.Release|Any CPU.Build.0 = Release|Any CPU
	EndGlobalSection
	GlobalSection(SolutionProperties) = preSolution
		HideSolutionNode = FALSE
	EndGlobalSection
EndGlobal
